{
  "object": {
    "pins": [
      {
        "package": "HsCryptoKit.Swift",
        "repositoryURL": "https://github.com/horizontalsystems/HsCryptoKit.Swift.git",
        "state": {
          "branch": null,
          "revision": "ba022ce1324b1f4b0ff8fc6deacf5232e6a61670",
          "version": "1.0.0"
        }
      },
      {
        "package": "HsExtensions.Swift",
        "repositoryURL": "https://github.com/horizontalsystems/HsExtensions.Swift.git",
        "state": {
          "branch": null,
          "revision": "24565a74833302b8e8444c142c912c7da2d33d2b",
          "version": "1.0.1"
        }
      },
      {
        "package": "secp256k1",
        "repositoryURL": "https://github.com/GigaBitcoin/secp256k1.swift.git",
        "state": {
          "branch": null,
          "revision": "b80388789a8058fc99202436225f8f15d35dfbea",
          "version": "0.8.1"
        }
      },
      {
        "package": "swift-crypto",
        "repositoryURL": "https://github.com/apple/swift-crypto.git",
        "state": {
          "branch": null,
          "revision": "d9825fa541df64b1a7b182178d61b9a82730d01f",
          "version": "2.1.0"
        }
      }
    ]
  },
  "version": 1
}
